
Microsoft Visual Studio Solution File, Format Version 12.00
# Visual Studio 2012
Project("{8BC9CEB8-8B4A-11D0-8D11-00A0C91BC942}") = "ADDRONE_MFC", "ADDRONE_MFC\ADDRONE_MFC.vcxproj", "{36C1413C-0A6B-4EB2-97D9-96C89C5E27C0}"
EndProject
Global
	GlobalSection(SolutionConfigurationPlatforms) = preSolution
		Debug|Win32 = Debug|Win32
		Release|Win32 = Release|Win32
	EndGlobalSection
	GlobalSection(ProjectConfigurationPlatforms) = postSolution
		{36C1413C-0A6B-4EB2-97D9-96C89C5E27C0}.Debug|Win32.ActiveCfg = Debug|Win32
		{36C1413C-0A6B-4EB2-97D9-96C89C5E27C0}.Debug|Win32.Build.0 = Debug|Win32
		{36C1413C-0A6B-4EB2-97D9-96C89C5E27C0}.Release|Win32.ActiveCfg = Release|Win32
		{36C1413C-0A6B-4EB2-97D9-96C89C5E27C0}.Release|Win32.Build.0 = Release|Win32
	EndGlobalSection
	GlobalSection(SolutionProperties) = preSolution
		HideSolutionNode = FALSE
	EndGlobalSection
EndGlobal
